
Microsoft Visual Studio Solution File, Format Version 12.00
# Visual Studio Version 17
VisualStudioVersion = 17.0.31808.319
MinimumVisualStudioVersion = 10.0.40219.1
Project("{8BC9CEB8-8B4A-11D0-8D11-00A0C91BC942}") = "S2.27", "S2.27\S2.27.vcxproj", "{D4B546BD-89B1-4F11-BD73-A52E570F3FB9}"
EndProject
Global
	GlobalSection(SolutionConfigurationPlatforms) = preSolution
		Debug|x64 = Debug|x64
		Debug|x86 = Debug|x86
		Release|x64 = Release|x64
		Release|x86 = Release|x86
	EndGlobalSection
	GlobalSection(ProjectConfigurationPlatforms) = postSolution
		{D4B546BD-89B1-4F11-BD73-A52E570F3FB9}.Debug|x64.ActiveCfg = Debug|x64
		{D4B546BD-89B1-4F11-BD73-A52E570F3FB9}.Debug|x64.Build.0 = Debug|x64
		{D4B546BD-89B1-4F11-BD73-A52E570F3FB9}.Debug|x86.ActiveCfg = Debug|Win32
		{D4B546BD-89B1-4F11-BD73-A52E570F3FB9}.Debug|x86.Build.0 = Debug|Win32
		{D4B546BD-89B1-4F11-BD73-A52E570F3FB9}.Release|x64.ActiveCfg = Release|x64
		{D4B546BD-89B1-4F11-BD73-A52E570F3FB9}.Release|x64.Build.0 = Release|x64
		{D4B546BD-89B1-4F11-BD73-A52E570F3FB9}.Release|x86.ActiveCfg = Release|Win32
		{D4B546BD-89B1-4F11-BD73-A52E570F3FB9}.Release|x86.Build.0 = Release|Win32
	EndGlobalSection
	GlobalSection(SolutionProperties) = preSolution
		HideSolutionNode = FALSE
	EndGlobalSection
	GlobalSection(ExtensibilityGlobals) = postSolution
		SolutionGuid = {BB1A7C82-27F3-42F7-B262-CFFD23EDD13A}
	EndGlobalSection
EndGlobal
