
Microsoft Visual Studio Solution File, Format Version 12.00
# Visual Studio Version 17
VisualStudioVersion = 17.0.31808.319
MinimumVisualStudioVersion = 10.0.40219.1
Project("{8BC9CEB8-8B4A-11D0-8D11-00A0C91BC942}") = "S2.4", "S2.4\S2.4.vcxproj", "{EB436845-C8BD-4829-96A5-09A5E2EAAD9F}"
EndProject
Global
	GlobalSection(SolutionConfigurationPlatforms) = preSolution
		Debug|x64 = Debug|x64
		Debug|x86 = Debug|x86
		Release|x64 = Release|x64
		Release|x86 = Release|x86
	EndGlobalSection
	GlobalSection(ProjectConfigurationPlatforms) = postSolution
		{EB436845-C8BD-4829-96A5-09A5E2EAAD9F}.Debug|x64.ActiveCfg = Debug|x64
		{EB436845-C8BD-4829-96A5-09A5E2EAAD9F}.Debug|x64.Build.0 = Debug|x64
		{EB436845-C8BD-4829-96A5-09A5E2EAAD9F}.Debug|x86.ActiveCfg = Debug|Win32
		{EB436845-C8BD-4829-96A5-09A5E2EAAD9F}.Debug|x86.Build.0 = Debug|Win32
		{EB436845-C8BD-4829-96A5-09A5E2EAAD9F}.Release|x64.ActiveCfg = Release|x64
		{EB436845-C8BD-4829-96A5-09A5E2EAAD9F}.Release|x64.Build.0 = Release|x64
		{EB436845-C8BD-4829-96A5-09A5E2EAAD9F}.Release|x86.ActiveCfg = Release|Win32
		{EB436845-C8BD-4829-96A5-09A5E2EAAD9F}.Release|x86.Build.0 = Release|Win32
	EndGlobalSection
	GlobalSection(SolutionProperties) = preSolution
		HideSolutionNode = FALSE
	EndGlobalSection
	GlobalSection(ExtensibilityGlobals) = postSolution
		SolutionGuid = {C5E4A2AE-6437-4E76-9A3B-B29E9A201E22}
	EndGlobalSection
EndGlobal
